
Microsoft Visual Studio Solution File, Format Version 12.00
# Visual Studio Version 16
VisualStudioVersion = 16.0.30621.155
MinimumVisualStudioVersion = 10.0.40219.1
Project("{9A19103F-16F7-4668-BE54-9A1E7A4F7556}") = "NetCoreReact", "NetCoreReact\NetCoreReact.csproj", "{707A3C25-67EA-44E5-A1B9-336A9BA3887F}"
EndProject
Project("{FAE04EC0-301F-11D3-BF4B-00C04F79EFBC}") = "NetCoreReact.Business", "NetCoreReact.Business\NetCoreReact.Business.csproj", "{9BD680A2-F6B1-4D59-9DC8-3DF1CBE3421F}"
EndProject
Global
	GlobalSection(SolutionConfigurationPlatforms) = preSolution
		Debug|Any CPU = Debug|Any CPU
		Release|Any CPU = Release|Any CPU
	EndGlobalSection
	GlobalSection(ProjectConfigurationPlatforms) = postSolution
		{707A3C25-67EA-44E5-A1B9-336A9BA3887F}.Debug|Any CPU.ActiveCfg = Debug|Any CPU
		{707A3C25-67EA-44E5-A1B9-336A9BA3887F}.Debug|Any CPU.Build.0 = Debug|Any CPU
		{707A3C25-67EA-44E5-A1B9-336A9BA3887F}.Release|Any CPU.ActiveCfg = Release|Any CPU
		{707A3C25-67EA-44E5-A1B9-336A9BA3887F}.Release|Any CPU.Build.0 = Release|Any CPU
		{9BD680A2-F6B1-4D59-9DC8-3DF1CBE3421F}.Debug|Any CPU.ActiveCfg = Debug|Any CPU
		{9BD680A2-F6B1-4D59-9DC8-3DF1CBE3421F}.Debug|Any CPU.Build.0 = Debug|Any CPU
		{9BD680A2-F6B1-4D59-9DC8-3DF1CBE3421F}.Release|Any CPU.ActiveCfg = Release|Any CPU
		{9BD680A2-F6B1-4D59-9DC8-3DF1CBE3421F}.Release|Any CPU.Build.0 = Release|Any CPU
	EndGlobalSection
	GlobalSection(SolutionProperties) = preSolution
		HideSolutionNode = FALSE
	EndGlobalSection
	GlobalSection(ExtensibilityGlobals) = postSolution
		SolutionGuid = {E1A169D2-E898-4454-BFDF-B0CA38480195}
	EndGlobalSection
EndGlobal
